# THIS IS AN AUTOGENERATED FILE. DO NOT EDIT THIS FILE DIRECTLY.
# yarn lockfile v1


"@fortawesome/fontawesome-common-types@^0.2.6":
  version "0.2.6"
  resolved "https://registry.yarnpkg.com/@fortawesome/fontawesome-common-types/-/fontawesome-common-types-0.2.6.tgz#3f26b9d1bf2d057dfe0f448fe4a2c372508e97f0"

"@fortawesome/fontawesome-svg-core@^1.2.6":
  version "1.2.6"
  resolved "https://registry.yarnpkg.com/@fortawesome/fontawesome-svg-core/-/fontawesome-svg-core-1.2.6.tgz#6314da68ff1018633a861ae9fe59e006c4f759a9"
  dependencies:
    "@fortawesome/fontawesome-common-types" "^0.2.6"

"@fortawesome/free-brands-svg-icons@^5.4.1":
  version "5.4.1"
  resolved "https://registry.yarnpkg.com/@fortawesome/free-brands-svg-icons/-/free-brands-svg-icons-5.4.1.tgz#7c68f7baff4764a8e38e62892372c4b85c70db79"
  dependencies:
    "@fortawesome/fontawesome-common-types" "^0.2.6"

"@fortawesome/free-regular-svg-icons@^5.4.1":
  version "5.4.1"
  resolved "https://registry.yarnpkg.com/@fortawesome/free-regular-svg-icons/-/free-regular-svg-icons-5.4.1.tgz#50dcda7e0382af9ae2508b2322e6f82d2a9fd43a"
  dependencies:
    "@fortawesome/fontawesome-common-types" "^0.2.6"

"@fortawesome/free-solid-svg-icons@^5.4.1":
  version "5.4.1"
  resolved "https://registry.yarnpkg.com/@fortawesome/free-solid-svg-icons/-/free-solid-svg-icons-5.4.1.tgz#9aa1a07176a16886aa176fc0c9d809ab1697fd47"
  dependencies:
    "@fortawesome/fontawesome-common-types" "^0.2.6"

"@fortawesome/react-fontawesome@^0.1.3":
  version "0.1.3"
  resolved "https://registry.yarnpkg.com/@fortawesome/react-fontawesome/-/react-fontawesome-0.1.3.tgz#266b4047892c3d10498af1075d89252f74015b11"
  dependencies:
    humps "^2.0.1"
    prop-types "^15.5.10"

"@types/algoliasearch@^3.27.8":
  version "3.27.8"
  resolved "https://registry.yarnpkg.com/@types/algoliasearch/-/algoliasearch-3.27.8.tgz#16833bb41390bca0fc9d8acd196bb51104d3b8e4"

agentkeepalive@^2.2.0:
  version "2.2.0"
  resolved "https://registry.yarnpkg.com/agentkeepalive/-/agentkeepalive-2.2.0.tgz#c5d1bd4b129008f1163f236f86e5faea2026e2ef"

algoliasearch-helper@^2.26.0:
  version "2.26.1"
  resolved "https://registry.yarnpkg.com/algoliasearch-helper/-/algoliasearch-helper-2.26.1.tgz#75bd34f095e852d1bda483b8ebfb83c3c6e2852c"
  dependencies:
    events "^1.1.1"
    lodash "^4.17.5"
    qs "^6.5.1"
    util "^0.10.3"

algoliasearch@^3.27.1, algoliasearch@^3.30.0:
  version "3.30.0"
  resolved "https://registry.yarnpkg.com/algoliasearch/-/algoliasearch-3.30.0.tgz#355585e49b672e5f71d45b9c2b371ecdff129cd1"
  dependencies:
    agentkeepalive "^2.2.0"
    debug "^2.6.8"
    envify "^4.0.0"
    es6-promise "^4.1.0"
    events "^1.1.0"
    foreach "^2.0.5"
    global "^4.3.2"
    inherits "^2.0.1"
    isarray "^2.0.1"
    load-script "^1.0.0"
    object-keys "^1.0.11"
    querystring-es3 "^0.2.1"
    reduce "^1.0.1"
    semver "^5.1.0"
    tunnel-agent "^0.6.0"

classnames@^2.2.5:
  version "2.2.6"
  resolved "https://registry.yarnpkg.com/classnames/-/classnames-2.2.6.tgz#43935bffdd291f326dad0a205309b38d00f650ce"

debug@^2.6.8:
  version "2.6.9"
  resolved "https://registry.yarnpkg.com/debug/-/debug-2.6.9.tgz#5d128515df134ff327e90a4c93f4e077a536341f"
  dependencies:
    ms "2.0.0"

dom-walk@^0.1.0:
  version "0.1.1"
  resolved "https://registry.yarnpkg.com/dom-walk/-/dom-walk-0.1.1.tgz#672226dc74c8f799ad35307df936aba11acd6018"

dotenv@^6.1.0:
  version "6.1.0"
  resolved "https://registry.yarnpkg.com/dotenv/-/dotenv-6.1.0.tgz#9853b6ca98292acb7dec67a95018fa40bccff42c"

envify@^4.0.0:
  version "4.1.0"
  resolved "https://registry.yarnpkg.com/envify/-/envify-4.1.0.tgz#f39ad3db9d6801b4e6b478b61028d3f0b6819f7e"
  dependencies:
    esprima "^4.0.0"
    through "~2.3.4"

es6-promise@^4.1.0:
  version "4.2.5"
  resolved "https://registry.yarnpkg.com/es6-promise/-/es6-promise-4.2.5.tgz#da6d0d5692efb461e082c14817fe2427d8f5d054"

esprima@^4.0.0:
  version "4.0.1"
  resolved "https://registry.yarnpkg.com/esprima/-/esprima-4.0.1.tgz#13b04cdb3e6c5d19df91ab6987a8695619b0aa71"

events@^1.1.0, events@^1.1.1:
  version "1.1.1"
  resolved "http://registry.npmjs.org/events/-/events-1.1.1.tgz#9ebdb7635ad099c70dcc4c2a1f5004288e8bd924"

foreach@^2.0.5:
  version "2.0.5"
  resolved "https://registry.yarnpkg.com/foreach/-/foreach-2.0.5.tgz#0bee005018aeb260d0a3af3ae658dd0136ec1b99"

global@^4.3.2:
  version "4.3.2"
  resolved "https://registry.yarnpkg.com/global/-/global-4.3.2.tgz#e76989268a6c74c38908b1305b10fc0e394e9d0f"
  dependencies:
    min-document "^2.19.0"
    process "~0.5.1"

humps@^2.0.1:
  version "2.0.1"
  resolved "https://registry.yarnpkg.com/humps/-/humps-2.0.1.tgz#dd02ea6081bd0568dc5d073184463957ba9ef9aa"

inherits@2.0.3, inherits@^2.0.1:
  version "2.0.3"
  resolved "https://registry.yarnpkg.com/inherits/-/inherits-2.0.3.tgz#633c2c83e3da42a502f52466022480f4208261de"

isarray@^2.0.1:
  version "2.0.4"
  resolved "https://registry.yarnpkg.com/isarray/-/isarray-2.0.4.tgz#38e7bcbb0f3ba1b7933c86ba1894ddfc3781bbb7"

"js-tokens@^3.0.0 || ^4.0.0":
  version "4.0.0"
  resolved "https://registry.yarnpkg.com/js-tokens/-/js-tokens-4.0.0.tgz#19203fb59991df98e3a287050d4647cdeaf32499"

load-script@^1.0.0:
  version "1.0.0"
  resolved "https://registry.yarnpkg.com/load-script/-/load-script-1.0.0.tgz#0491939e0bee5643ee494a7e3da3d2bac70c6ca4"

lodash@^4.17.4, lodash@^4.17.5:
  version "4.17.11"
  resolved "https://registry.yarnpkg.com/lodash/-/lodash-4.17.11.tgz#b39ea6229ef607ecd89e2c8df12536891cac9b8d"

loose-envify@^1.1.0, loose-envify@^1.3.1:
  version "1.4.0"
  resolved "https://registry.yarnpkg.com/loose-envify/-/loose-envify-1.4.0.tgz#71ee51fa7be4caec1a63839f7e682d8132d30caf"
  dependencies:
    js-tokens "^3.0.0 || ^4.0.0"

min-document@^2.19.0:
  version "2.19.0"
  resolved "https://registry.yarnpkg.com/min-document/-/min-document-2.19.0.tgz#7bd282e3f5842ed295bb748cdd9f1ffa2c824685"
  dependencies:
    dom-walk "^0.1.0"

ms@2.0.0:
  version "2.0.0"
  resolved "https://registry.yarnpkg.com/ms/-/ms-2.0.0.tgz#5608aeadfc00be6c2901df5f9861788de0d597c8"

object-assign@^4.1.1:
  version "4.1.1"
  resolved "https://registry.yarnpkg.com/object-assign/-/object-assign-4.1.1.tgz#2109adc7965887cfc05cbbd442cac8bfbb360863"

object-keys@^1.0.11, object-keys@~1.0.0:
  version "1.0.12"
  resolved "https://registry.yarnpkg.com/object-keys/-/object-keys-1.0.12.tgz#09c53855377575310cca62f55bb334abff7b3ed2"

process@~0.5.1:
  version "0.5.2"
  resolved "https://registry.yarnpkg.com/process/-/process-0.5.2.tgz#1638d8a8e34c2f440a91db95ab9aeb677fc185cf"

prop-types@^15.5.10, prop-types@^15.6.2:
  version "15.6.2"
  resolved "https://registry.yarnpkg.com/prop-types/-/prop-types-15.6.2.tgz#05d5ca77b4453e985d60fc7ff8c859094a497102"
  dependencies:
    loose-envify "^1.3.1"
    object-assign "^4.1.1"

qs@^6.5.1:
  version "6.5.2"
  resolved "https://registry.yarnpkg.com/qs/-/qs-6.5.2.tgz#cb3ae806e8740444584ef154ce8ee98d403f3e36"

querystring-es3@^0.2.1:
  version "0.2.1"
  resolved "https://registry.yarnpkg.com/querystring-es3/-/querystring-es3-0.2.1.tgz#9ec61f79049875707d69414596fd907a4d711e73"

react-instantsearch-core@^5.3.1:
  version "5.3.1"
  resolved "https://registry.yarnpkg.com/react-instantsearch-core/-/react-instantsearch-core-5.3.1.tgz#06da53c2e88d5af5cbf642d4e6dc4f3efa11f71e"
  dependencies:
    algoliasearch-helper "^2.26.0"
    lodash "^4.17.4"
    prop-types "^15.5.10"

react-instantsearch-dom@^5.3.1:
  version "5.3.1"
  resolved "https://registry.yarnpkg.com/react-instantsearch-dom/-/react-instantsearch-dom-5.3.1.tgz#49ac502bc12f765451670011881ba0e7ae4e5150"
  dependencies:
    algoliasearch "^3.27.1"
    algoliasearch-helper "^2.26.0"
    classnames "^2.2.5"
    lodash "^4.17.4"
    prop-types "^15.5.10"
    react-instantsearch-core "^5.3.1"

react@^16.5.2:
  version "16.5.2"
  resolved "https://registry.yarnpkg.com/react/-/react-16.5.2.tgz#19f6b444ed139baa45609eee6dc3d318b3895d42"
  dependencies:
    loose-envify "^1.1.0"
    object-assign "^4.1.1"
    prop-types "^15.6.2"
    schedule "^0.5.0"

reduce@^1.0.1:
  version "1.0.1"
  resolved "https://registry.yarnpkg.com/reduce/-/reduce-1.0.1.tgz#14fa2e5ff1fc560703a020cbb5fbaab691565804"
  dependencies:
    object-keys "~1.0.0"

safe-buffer@^5.0.1:
  version "5.1.2"
  resolved "https://registry.yarnpkg.com/safe-buffer/-/safe-buffer-5.1.2.tgz#991ec69d296e0313747d59bdfd2b745c35f8828d"

schedule@^0.5.0:
  version "0.5.0"
  resolved "https://registry.yarnpkg.com/schedule/-/schedule-0.5.0.tgz#c128fffa0b402488b08b55ae74bb9df55cc29cc8"
  dependencies:
    object-assign "^4.1.1"

semver@^5.1.0:
  version "5.6.0"
  resolved "https://registry.yarnpkg.com/semver/-/semver-5.6.0.tgz#7e74256fbaa49c75aa7c7a205cc22799cac80004"

through@~2.3.4:
  version "2.3.8"
  resolved "http://registry.npmjs.org/through/-/through-2.3.8.tgz#0dd4c9ffaabc357960b1b724115d7e0e86a2e1f5"

tunnel-agent@^0.6.0:
  version "0.6.0"
  resolved "https://registry.yarnpkg.com/tunnel-agent/-/tunnel-agent-0.6.0.tgz#27a5dea06b36b04a0a9966774b290868f0fc40fd"
  dependencies:
    safe-buffer "^5.0.1"

util@^0.10.3:
  version "0.10.4"
  resolved "https://registry.yarnpkg.com/util/-/util-0.10.4.tgz#3aa0125bfe668a4672de58857d3ace27ecb76901"
  dependencies:
    inherits "2.0.3"
